
Microsoft Visual Studio Solution File, Format Version 12.00
# Visual Studio Version 17
VisualStudioVersion = 17.5.33627.172
MinimumVisualStudioVersion = 10.0.40219.1
Project("{FAE04EC0-301F-11D3-BF4B-00C04F79EFBC}") = "bibliotka", "bibliotka.csproj", "{5E9E6F20-0DB9-4758-BF0B-32BAD94B745D}"
EndProject
Global
	GlobalSection(SolutionConfigurationPlatforms) = preSolution
		Debug|Any CPU = Debug|Any CPU
		Release|Any CPU = Release|Any CPU
	EndGlobalSection
	GlobalSection(ProjectConfigurationPlatforms) = postSolution
		{5E9E6F20-0DB9-4758-BF0B-32BAD94B745D}.Debug|Any CPU.ActiveCfg = Debug|Any CPU
		{5E9E6F20-0DB9-4758-BF0B-32BAD94B745D}.Debug|Any CPU.Build.0 = Debug|Any CPU
		{5E9E6F20-0DB9-4758-BF0B-32BAD94B745D}.Release|Any CPU.ActiveCfg = Release|Any CPU
		{5E9E6F20-0DB9-4758-BF0B-32BAD94B745D}.Release|Any CPU.Build.0 = Release|Any CPU
	EndGlobalSection
	GlobalSection(SolutionProperties) = preSolution
		HideSolutionNode = FALSE
	EndGlobalSection
	GlobalSection(ExtensibilityGlobals) = postSolution
		SolutionGuid = {9A722B97-4DC2-4F38-967F-5C99FCAC5808}
	EndGlobalSection
EndGlobal
