
Microsoft Visual Studio Solution File, Format Version 12.00
# Visual Studio Version 17
VisualStudioVersion = 17.7.34031.279
MinimumVisualStudioVersion = 10.0.40219.1
Project("{FAE04EC0-301F-11D3-BF4B-00C04F79EFBC}") = "Abstrakciika", "Abstrakciika\Abstrakciika.csproj", "{387B6276-2E32-489D-B053-C2AE777525CD}"
EndProject
Global
	GlobalSection(SolutionConfigurationPlatforms) = preSolution
		Debug|Any CPU = Debug|Any CPU
		Release|Any CPU = Release|Any CPU
	EndGlobalSection
	GlobalSection(ProjectConfigurationPlatforms) = postSolution
		{387B6276-2E32-489D-B053-C2AE777525CD}.Debug|Any CPU.ActiveCfg = Debug|Any CPU
		{387B6276-2E32-489D-B053-C2AE777525CD}.Debug|Any CPU.Build.0 = Debug|Any CPU
		{387B6276-2E32-489D-B053-C2AE777525CD}.Release|Any CPU.ActiveCfg = Release|Any CPU
		{387B6276-2E32-489D-B053-C2AE777525CD}.Release|Any CPU.Build.0 = Release|Any CPU
	EndGlobalSection
	GlobalSection(SolutionProperties) = preSolution
		HideSolutionNode = FALSE
	EndGlobalSection
	GlobalSection(ExtensibilityGlobals) = postSolution
		SolutionGuid = {F3603450-4962-49EA-B87F-F0F2C9A65B70}
	EndGlobalSection
EndGlobal
