
Microsoft Visual Studio Solution File, Format Version 12.00
# Visual Studio Version 16
VisualStudioVersion = 16.0.31702.278
MinimumVisualStudioVersion = 10.0.40219.1
Project("{FAE04EC0-301F-11D3-BF4B-00C04F79EFBC}") = "ListBox_ComboBox", "ListBox_ComboBox\ListBox_ComboBox.csproj", "{8E5488D9-CCA2-4FF4-A98E-AD398C82BB0D}"
EndProject
Global
	GlobalSection(SolutionConfigurationPlatforms) = preSolution
		Debug|Any CPU = Debug|Any CPU
		Release|Any CPU = Release|Any CPU
	EndGlobalSection
	GlobalSection(ProjectConfigurationPlatforms) = postSolution
		{8E5488D9-CCA2-4FF4-A98E-AD398C82BB0D}.Debug|Any CPU.ActiveCfg = Debug|Any CPU
		{8E5488D9-CCA2-4FF4-A98E-AD398C82BB0D}.Debug|Any CPU.Build.0 = Debug|Any CPU
		{8E5488D9-CCA2-4FF4-A98E-AD398C82BB0D}.Release|Any CPU.ActiveCfg = Release|Any CPU
		{8E5488D9-CCA2-4FF4-A98E-AD398C82BB0D}.Release|Any CPU.Build.0 = Release|Any CPU
	EndGlobalSection
	GlobalSection(SolutionProperties) = preSolution
		HideSolutionNode = FALSE
	EndGlobalSection
	GlobalSection(ExtensibilityGlobals) = postSolution
		SolutionGuid = {C1D81F84-A2AA-47B1-B57D-B2F195457DB8}
	EndGlobalSection
EndGlobal
