
Microsoft Visual Studio Solution File, Format Version 12.00
# Visual Studio Version 16
VisualStudioVersion = 16.0.31702.278
MinimumVisualStudioVersion = 10.0.40219.1
Project("{FAE04EC0-301F-11D3-BF4B-00C04F79EFBC}") = "Pizza", "Pizza\Pizza.csproj", "{93B5814F-95E6-4236-B534-F06829274782}"
EndProject
Global
	GlobalSection(SolutionConfigurationPlatforms) = preSolution
		Debug|Any CPU = Debug|Any CPU
		Release|Any CPU = Release|Any CPU
	EndGlobalSection
	GlobalSection(ProjectConfigurationPlatforms) = postSolution
		{93B5814F-95E6-4236-B534-F06829274782}.Debug|Any CPU.ActiveCfg = Debug|Any CPU
		{93B5814F-95E6-4236-B534-F06829274782}.Debug|Any CPU.Build.0 = Debug|Any CPU
		{93B5814F-95E6-4236-B534-F06829274782}.Release|Any CPU.ActiveCfg = Release|Any CPU
		{93B5814F-95E6-4236-B534-F06829274782}.Release|Any CPU.Build.0 = Release|Any CPU
	EndGlobalSection
	GlobalSection(SolutionProperties) = preSolution
		HideSolutionNode = FALSE
	EndGlobalSection
	GlobalSection(ExtensibilityGlobals) = postSolution
		SolutionGuid = {AB9D0C54-6F4F-458B-A9BD-92062AC707BD}
	EndGlobalSection
EndGlobal
