
Microsoft Visual Studio Solution File, Format Version 12.00
# Visual Studio Version 17
VisualStudioVersion = 17.9.34622.214
MinimumVisualStudioVersion = 10.0.40219.1
Project("{FAE04EC0-301F-11D3-BF4B-00C04F79EFBC}") = "pizza_klas", "pizza_klas\pizza_klas.csproj", "{3A80FAAF-6173-48BC-8C5A-B60476EA803F}"
EndProject
Global
	GlobalSection(SolutionConfigurationPlatforms) = preSolution
		Debug|Any CPU = Debug|Any CPU
		Release|Any CPU = Release|Any CPU
	EndGlobalSection
	GlobalSection(ProjectConfigurationPlatforms) = postSolution
		{3A80FAAF-6173-48BC-8C5A-B60476EA803F}.Debug|Any CPU.ActiveCfg = Debug|Any CPU
		{3A80FAAF-6173-48BC-8C5A-B60476EA803F}.Debug|Any CPU.Build.0 = Debug|Any CPU
		{3A80FAAF-6173-48BC-8C5A-B60476EA803F}.Release|Any CPU.ActiveCfg = Release|Any CPU
		{3A80FAAF-6173-48BC-8C5A-B60476EA803F}.Release|Any CPU.Build.0 = Release|Any CPU
	EndGlobalSection
	GlobalSection(SolutionProperties) = preSolution
		HideSolutionNode = FALSE
	EndGlobalSection
	GlobalSection(ExtensibilityGlobals) = postSolution
		SolutionGuid = {D4C4B78F-8308-44AB-8848-D47C4877DC04}
	EndGlobalSection
EndGlobal
